// !$*UTF8*$!
{
	archiveVersion = 1;
	classes = {
	};
	objectVersion = 56;
	objects = {

/* Begin PBXBuildFile section */
		0174C2B52C50A78700BA73E6 /* AppDelegate.swift in Sources */ = {isa = PBXBuildFile; fileRef = 0174C2B42C50A78700BA73E6 /* AppDelegate.swift */; };
		0174C2B72C50A78700BA73E6 /* SceneDelegate.swift in Sources */ = {isa = PBXBuildFile; fileRef = 0174C2B62C50A78700BA73E6 /* SceneDelegate.swift */; };
		0174C2BF2C50A78700BA73E6 /* FilmList.xcdatamodeld in Sources */ = {isa = PBXBuildFile; fileRef = 0174C2BD2C50A78700BA73E6 /* FilmList.xcdatamodeld */; };
		0174C2C12C50A78900BA73E6 /* Assets.xcassets in Resources */ = {isa = PBXBuildFile; fileRef = 0174C2C02C50A78900BA73E6 /* Assets.xcassets */; };
		0174C2C42C50A78900BA73E6 /* Base in Resources */ = {isa = PBXBuildFile; fileRef = 0174C2C32C50A78900BA73E6 /* Base */; };
		017D445B2C50B48B00679150 /* ListFilmsView.swift in Sources */ = {isa = PBXBuildFile; fileRef = 017D445A2C50B48B00679150 /* ListFilmsView.swift */; };
		017D445F2C50B98B00679150 /* FilmInfoCell.swift in Sources */ = {isa = PBXBuildFile; fileRef = 017D445E2C50B98B00679150 /* FilmInfoCell.swift */; };
		017D44622C50C61000679150 /* UIView + UI.swift in Sources */ = {isa = PBXBuildFile; fileRef = 017D44612C50C61000679150 /* UIView + UI.swift */; };
		017D44642C50F0AC00679150 /* UIColor + hex.swift in Sources */ = {isa = PBXBuildFile; fileRef = 017D44632C50F0AC00679150 /* UIColor + hex.swift */; };
		017D44662C50F2AC00679150 /* ListFilmsViewModel.swift in Sources */ = {isa = PBXBuildFile; fileRef = 017D44652C50F2AC00679150 /* ListFilmsViewModel.swift */; };
		017D44682C50F7C100679150 /* UINavigationBar + UI.swift in Sources */ = {isa = PBXBuildFile; fileRef = 017D44672C50F7C100679150 /* UINavigationBar + UI.swift */; };
		017D446B2C51020700679150 /* AddFilmView.swift in Sources */ = {isa = PBXBuildFile; fileRef = 017D446A2C51020700679150 /* AddFilmView.swift */; };
		017D446D2C51075100679150 /* AddFilmViewModel.swift in Sources */ = {isa = PBXBuildFile; fileRef = 017D446C2C51075100679150 /* AddFilmViewModel.swift */; };
/* End PBXBuildFile section */

/* Begin PBXFileReference section */
		0174C2B12C50A78700BA73E6 /* FilmList.app */ = {isa = PBXFileReference; explicitFileType = wrapper.application; includeInIndex = 0; path = FilmList.app; sourceTree = BUILT_PRODUCTS_DIR; };
		0174C2B42C50A78700BA73E6 /* AppDelegate.swift */ = {isa = PBXFileReference; lastKnownFileType = sourcecode.swift; path = AppDelegate.swift; sourceTree = "<group>"; };
		0174C2B62C50A78700BA73E6 /* SceneDelegate.swift */ = {isa = PBXFileReference; lastKnownFileType = sourcecode.swift; path = SceneDelegate.swift; sourceTree = "<group>"; };
		0174C2BE2C50A78700BA73E6 /* FilmList.xcdatamodel */ = {isa = PBXFileReference; lastKnownFileType = wrapper.xcdatamodel; path = FilmList.xcdatamodel; sourceTree = "<group>"; };
		0174C2C02C50A78900BA73E6 /* Assets.xcassets */ = {isa = PBXFileReference; lastKnownFileType = folder.assetcatalog; path = Assets.xcassets; sourceTree = "<group>"; };
		0174C2C32C50A78900BA73E6 /* Base */ = {isa = PBXFileReference; lastKnownFileType = file.storyboard; name = Base; path = Base.lproj/LaunchScreen.storyboard; sourceTree = "<group>"; };
		0174C2C52C50A78900BA73E6 /* Info.plist */ = {isa = PBXFileReference; lastKnownFileType = text.plist.xml; path = Info.plist; sourceTree = "<group>"; };
		017D445A2C50B48B00679150 /* ListFilmsView.swift */ = {isa = PBXFileReference; lastKnownFileType = sourcecode.swift; path = ListFilmsView.swift; sourceTree = "<group>"; };
		017D445E2C50B98B00679150 /* FilmInfoCell.swift */ = {isa = PBXFileReference; lastKnownFileType = sourcecode.swift; path = FilmInfoCell.swift; sourceTree = "<group>"; };
		017D44612C50C61000679150 /* UIView + UI.swift */ = {isa = PBXFileReference; lastKnownFileType = sourcecode.swift; path = "UIView + UI.swift"; sourceTree = "<group>"; };
		017D44632C50F0AC00679150 /* UIColor + hex.swift */ = {isa = PBXFileReference; lastKnownFileType = sourcecode.swift; path = "UIColor + hex.swift"; sourceTree = "<group>"; };
		017D44652C50F2AC00679150 /* ListFilmsViewModel.swift */ = {isa = PBXFileReference; lastKnownFileType = sourcecode.swift; path = ListFilmsViewModel.swift; sourceTree = "<group>"; };
		017D44672C50F7C100679150 /* UINavigationBar + UI.swift */ = {isa = PBXFileReference; lastKnownFileType = sourcecode.swift; path = "UINavigationBar + UI.swift"; sourceTree = "<group>"; };
		017D446A2C51020700679150 /* AddFilmView.swift */ = {isa = PBXFileReference; lastKnownFileType = sourcecode.swift; path = AddFilmView.swift; sourceTree = "<group>"; };
		017D446C2C51075100679150 /* AddFilmViewModel.swift */ = {isa = PBXFileReference; lastKnownFileType = sourcecode.swift; path = AddFilmViewModel.swift; sourceTree = "<group>"; };
/* End PBXFileReference section */

/* Begin PBXFrameworksBuildPhase section */
		0174C2AE2C50A78700BA73E6 /* Frameworks */ = {
			isa = PBXFrameworksBuildPhase;
			buildActionMask = 2147483647;
			files = (
			);
			runOnlyForDeploymentPostprocessing = 0;
		};
/* End PBXFrameworksBuildPhase section */

/* Begin PBXGroup section */
		0174C2A82C50A78700BA73E6 = {
			isa = PBXGroup;
			children = (
				0174C2B32C50A78700BA73E6 /* FilmList */,
				0174C2B22C50A78700BA73E6 /* Products */,
			);
			sourceTree = "<group>";
		};
		0174C2B22C50A78700BA73E6 /* Products */ = {
			isa = PBXGroup;
			children = (
				0174C2B12C50A78700BA73E6 /* FilmList.app */,
			);
			name = Products;
			sourceTree = "<group>";
		};
		0174C2B32C50A78700BA73E6 /* FilmList */ = {
			isa = PBXGroup;
			children = (
				017D44692C5101EB00679150 /* Add */,
				0174C2CB2C50A7D400BA73E6 /* App */,
				017D44602C50C5F600679150 /* Extensions */,
				017D44592C50B47100679150 /* Main */,
				0174C2CC2C50A7DD00BA73E6 /* Sources */,
				0174C2BD2C50A78700BA73E6 /* FilmList.xcdatamodeld */,
			);
			path = FilmList;
			sourceTree = "<group>";
		};
		0174C2CB2C50A7D400BA73E6 /* App */ = {
			isa = PBXGroup;
			children = (
				0174C2B42C50A78700BA73E6 /* AppDelegate.swift */,
				0174C2B62C50A78700BA73E6 /* SceneDelegate.swift */,
			);
			path = App;
			sourceTree = "<group>";
		};
		0174C2CC2C50A7DD00BA73E6 /* Sources */ = {
			isa = PBXGroup;
			children = (
				0174C2C02C50A78900BA73E6 /* Assets.xcassets */,
				0174C2C22C50A78900BA73E6 /* LaunchScreen.storyboard */,
				0174C2C52C50A78900BA73E6 /* Info.plist */,
			);
			path = Sources;
			sourceTree = "<group>";
		};
		017D44592C50B47100679150 /* Main */ = {
			isa = PBXGroup;
			children = (
				017D445E2C50B98B00679150 /* FilmInfoCell.swift */,
				017D445A2C50B48B00679150 /* ListFilmsView.swift */,
				017D44652C50F2AC00679150 /* ListFilmsViewModel.swift */,
			);
			path = Main;
			sourceTree = "<group>";
		};
		017D44602C50C5F600679150 /* Extensions */ = {
			isa = PBXGroup;
			children = (
				017D44612C50C61000679150 /* UIView + UI.swift */,
				017D44632C50F0AC00679150 /* UIColor + hex.swift */,
				017D44672C50F7C100679150 /* UINavigationBar + UI.swift */,
			);
			path = Extensions;
			sourceTree = "<group>";
		};
		017D44692C5101EB00679150 /* Add */ = {
			isa = PBXGroup;
			children = (
				017D446A2C51020700679150 /* AddFilmView.swift */,
				017D446C2C51075100679150 /* AddFilmViewModel.swift */,
			);
			path = Add;
			sourceTree = "<group>";
		};
/* End PBXGroup section */

/* Begin PBXNativeTarget section */
		0174C2B02C50A78700BA73E6 /* FilmList */ = {
			isa = PBXNativeTarget;
			buildConfigurationList = 0174C2C82C50A78900BA73E6 /* Build configuration list for PBXNativeTarget "FilmList" */;
			buildPhases = (
				0174C2AD2C50A78700BA73E6 /* Sources */,
				0174C2AE2C50A78700BA73E6 /* Frameworks */,
				0174C2AF2C50A78700BA73E6 /* Resources */,
			);
			buildRules = (
			);
			dependencies = (
			);
			name = FilmList;
			productName = FilmList;
			productReference = 0174C2B12C50A78700BA73E6 /* FilmList.app */;
			productType = "com.apple.product-type.application";
		};
/* End PBXNativeTarget section */

/* Begin PBXProject section */
		0174C2A92C50A78700BA73E6 /* Project object */ = {
			isa = PBXProject;
			attributes = {
				BuildIndependentTargetsInParallel = 1;
				LastSwiftUpdateCheck = 1540;
				LastUpgradeCheck = 1540;
				TargetAttributes = {
					0174C2B02C50A78700BA73E6 = {
						CreatedOnToolsVersion = 15.4;
					};
				};
			};
			buildConfigurationList = 0174C2AC2C50A78700BA73E6 /* Build configuration list for PBXProject "FilmList" */;
			compatibilityVersion = "Xcode 14.0";
			developmentRegion = en;
			hasScannedForEncodings = 0;
			knownRegions = (
				en,
				Base,
			);
			mainGroup = 0174C2A82C50A78700BA73E6;
			productRefGroup = 0174C2B22C50A78700BA73E6 /* Products */;
			projectDirPath = "";
			projectRoot = "";
			targets = (
				0174C2B02C50A78700BA73E6 /* FilmList */,
			);
		};
/* End PBXProject section */

/* Begin PBXResourcesBuildPhase section */
		0174C2AF2C50A78700BA73E6 /* Resources */ = {
			isa = PBXResourcesBuildPhase;
			buildActionMask = 2147483647;
			files = (
				0174C2C12C50A78900BA73E6 /* Assets.xcassets in Resources */,
				0174C2C42C50A78900BA73E6 /* Base in Resources */,
			);
			runOnlyForDeploymentPostprocessing = 0;
		};
/* End PBXResourcesBuildPhase section */

/* Begin PBXSourcesBuildPhase section */
		0174C2AD2C50A78700BA73E6 /* Sources */ = {
			isa = PBXSourcesBuildPhase;
			buildActionMask = 2147483647;
			files = (
				017D445B2C50B48B00679150 /* ListFilmsView.swift in Sources */,
				0174C2BF2C50A78700BA73E6 /* FilmList.xcdatamodeld in Sources */,
				017D44682C50F7C100679150 /* UINavigationBar + UI.swift in Sources */,
				017D446D2C51075100679150 /* AddFilmViewModel.swift in Sources */,
				0174C2B52C50A78700BA73E6 /* AppDelegate.swift in Sources */,
				0174C2B72C50A78700BA73E6 /* SceneDelegate.swift in Sources */,
				017D44642C50F0AC00679150 /* UIColor + hex.swift in Sources */,
				017D446B2C51020700679150 /* AddFilmView.swift in Sources */,
				017D44622C50C61000679150 /* UIView + UI.swift in Sources */,
				017D44662C50F2AC00679150 /* ListFilmsViewModel.swift in Sources */,
				017D445F2C50B98B00679150 /* FilmInfoCell.swift in Sources */,
			);
			runOnlyForDeploymentPostprocessing = 0;
		};
/* End PBXSourcesBuildPhase section */

/* Begin PBXVariantGroup section */
		0174C2C22C50A78900BA73E6 /* LaunchScreen.storyboard */ = {
			isa = PBXVariantGroup;
			children = (
				0174C2C32C50A78900BA73E6 /* Base */,
			);
			name = LaunchScreen.storyboard;
			sourceTree = "<group>";
		};
/* End PBXVariantGroup section */

/* Begin XCBuildConfiguration section */
		0174C2C62C50A78900BA73E6 /* Debug */ = {
			isa = XCBuildConfiguration;
			buildSettings = {
				ALWAYS_SEARCH_USER_PATHS = NO;
				ASSETCATALOG_COMPILER_GENERATE_SWIFT_ASSET_SYMBOL_EXTENSIONS = YES;
				CLANG_ANALYZER_NONNULL = YES;
				CLANG_ANALYZER_NUMBER_OBJECT_CONVERSION = YES_AGGRESSIVE;
				CLANG_CXX_LANGUAGE_STANDARD = "gnu++20";
				CLANG_ENABLE_MODULES = YES;
				CLANG_ENABLE_OBJC_ARC = YES;
				CLANG_ENABLE_OBJC_WEAK = YES;
				CLANG_WARN_BLOCK_CAPTURE_AUTORELEASING = YES;
				CLANG_WARN_BOOL_CONVERSION = YES;
				CLANG_WARN_COMMA = YES;
				CLANG_WARN_CONSTANT_CONVERSION = YES;
				CLANG_WARN_DEPRECATED_OBJC_IMPLEMENTATIONS = YES;
				CLANG_WARN_DIRECT_OBJC_ISA_USAGE = YES_ERROR;
				CLANG_WARN_DOCUMENTATION_COMMENTS = YES;
				CLANG_WARN_EMPTY_BODY = YES;
				CLANG_WARN_ENUM_CONVERSION = YES;
				CLANG_WARN_INFINITE_RECURSION = YES;
				CLANG_WARN_INT_CONVERSION = YES;
				CLANG_WARN_NON_LITERAL_NULL_CONVERSION = YES;
				CLANG_WARN_OBJC_IMPLICIT_RETAIN_SELF = YES;
				CLANG_WARN_OBJC_LITERAL_CONVERSION = YES;
				CLANG_WARN_OBJC_ROOT_CLASS = YES_ERROR;
				CLANG_WARN_QUOTED_INCLUDE_IN_FRAMEWORK_HEADER = YES;
				CLANG_WARN_RANGE_LOOP_ANALYSIS = YES;
				CLANG_WARN_STRICT_PROTOTYPES = YES;
				CLANG_WARN_SUSPICIOUS_MOVE = YES;
				CLANG_WARN_UNGUARDED_AVAILABILITY = YES_AGGRESSIVE;
				CLANG_WARN_UNREACHABLE_CODE = YES;
				CLANG_WARN__DUPLICATE_METHOD_MATCH = YES;
				COPY_PHASE_STRIP = NO;
				DEBUG_INFORMATION_FORMAT = dwarf;
				ENABLE_STRICT_OBJC_MSGSEND = YES;
				ENABLE_TESTABILITY = YES;
				ENABLE_USER_SCRIPT_SANDBOXING = YES;
				GCC_C_LANGUAGE_STANDARD = gnu17;
				GCC_DYNAMIC_NO_PIC = NO;
				GCC_NO_COMMON_BLOCKS = YES;
				GCC_OPTIMIZATION_LEVEL = 0;
				GCC_PREPROCESSOR_DEFINITIONS = (
					"DEBUG=1",
					"$(inherited)",
				);
				GCC_WARN_64_TO_32_BIT_CONVERSION = YES;
				GCC_WARN_ABOUT_RETURN_TYPE = YES_ERROR;
				GCC_WARN_UNDECLARED_SELECTOR = YES;
				GCC_WARN_UNINITIALIZED_AUTOS = YES_AGGRESSIVE;
				GCC_WARN_UNUSED_FUNCTION = YES;
				GCC_WARN_UNUSED_VARIABLE = YES;
				IPHONEOS_DEPLOYMENT_TARGET = 17.5;
				LOCALIZATION_PREFERS_STRING_CATALOGS = YES;
				MTL_ENABLE_DEBUG_INFO = INCLUDE_SOURCE;
				MTL_FAST_MATH = YES;
				ONLY_ACTIVE_ARCH = YES;
				SDKROOT = iphoneos;
				SWIFT_ACTIVE_COMPILATION_CONDITIONS = "DEBUG $(inherited)";
				SWIFT_OPTIMIZATION_LEVEL = "-Onone";
			};
			name = Debug;
		};
		0174C2C72C50A78900BA73E6 /* Release */ = {
			isa = XCBuildConfiguration;
			buildSettings = {
				ALWAYS_SEARCH_USER_PATHS = NO;
				ASSETCATALOG_COMPILER_GENERATE_SWIFT_ASSET_SYMBOL_EXTENSIONS = YES;
				CLANG_ANALYZER_NONNULL = YES;
				CLANG_ANALYZER_NUMBER_OBJECT_CONVERSION = YES_AGGRESSIVE;
				CLANG_CXX_LANGUAGE_STANDARD = "gnu++20";
				CLANG_ENABLE_MODULES = YES;
				CLANG_ENABLE_OBJC_ARC = YES;
				CLANG_ENABLE_OBJC_WEAK = YES;
				CLANG_WARN_BLOCK_CAPTURE_AUTORELEASING = YES;
				CLANG_WARN_BOOL_CONVERSION = YES;
				CLANG_WARN_COMMA = YES;
				CLANG_WARN_CONSTANT_CONVERSION = YES;
				CLANG_WARN_DEPRECATED_OBJC_IMPLEMENTATIONS = YES;
				CLANG_WARN_DIRECT_OBJC_ISA_USAGE = YES_ERROR;
				CLANG_WARN_DOCUMENTATION_COMMENTS = YES;
				CLANG_WARN_EMPTY_BODY = YES;
				CLANG_WARN_ENUM_CONVERSION = YES;
				CLANG_WARN_INFINITE_RECURSION = YES;
				CLANG_WARN_INT_CONVERSION = YES;
				CLANG_WARN_NON_LITERAL_NULL_CONVERSION = YES;
				CLANG_WARN_OBJC_IMPLICIT_RETAIN_SELF = YES;
				CLANG_WARN_OBJC_LITERAL_CONVERSION = YES;
				CLANG_WARN_OBJC_ROOT_CLASS = YES_ERROR;
				CLANG_WARN_QUOTED_INCLUDE_IN_FRAMEWORK_HEADER = YES;
				CLANG_WARN_RANGE_LOOP_ANALYSIS = YES;
				CLANG_WARN_STRICT_PROTOTYPES = YES;
				CLANG_WARN_SUSPICIOUS_MOVE = YES;
				CLANG_WARN_UNGUARDED_AVAILABILITY = YES_AGGRESSIVE;
				CLANG_WARN_UNREACHABLE_CODE = YES;
				CLANG_WARN__DUPLICATE_METHOD_MATCH = YES;
				COPY_PHASE_STRIP = NO;
				DEBUG_INFORMATION_FORMAT = "dwarf-with-dsym";
				ENABLE_NS_ASSERTIONS = NO;
				ENABLE_STRICT_OBJC_MSGSEND = YES;
				ENABLE_USER_SCRIPT_SANDBOXING = YES;
				GCC_C_LANGUAGE_STANDARD = gnu17;
				GCC_NO_COMMON_BLOCKS = YES;
				GCC_WARN_64_TO_32_BIT_CONVERSION = YES;
				GCC_WARN_ABOUT_RETURN_TYPE = YES_ERROR;
				GCC_WARN_UNDECLARED_SELECTOR = YES;
				GCC_WARN_UNINITIALIZED_AUTOS = YES_AGGRESSIVE;
				GCC_WARN_UNUSED_FUNCTION = YES;
				GCC_WARN_UNUSED_VARIABLE = YES;
				IPHONEOS_DEPLOYMENT_TARGET = 17.5;
				LOCALIZATION_PREFERS_STRING_CATALOGS = YES;
				MTL_ENABLE_DEBUG_INFO = NO;
				MTL_FAST_MATH = YES;
				SDKROOT = iphoneos;
				SWIFT_COMPILATION_MODE = wholemodule;
				VALIDATE_PRODUCT = YES;
			};
			name = Release;
		};
		0174C2C92C50A78900BA73E6 /* Debug */ = {
			isa = XCBuildConfiguration;
			buildSettings = {
				ASSETCATALOG_COMPILER_APPICON_NAME = AppIcon;
				ASSETCATALOG_COMPILER_GLOBAL_ACCENT_COLOR_NAME = AccentColor;
				CODE_SIGN_STYLE = Automatic;
				CURRENT_PROJECT_VERSION = 1;
				DEVELOPMENT_TEAM = Y34PWYMPM8;
				GENERATE_INFOPLIST_FILE = YES;
				INFOPLIST_FILE = FilmList/Sources/Info.plist;
				INFOPLIST_KEY_UIApplicationSupportsIndirectInputEvents = YES;
				INFOPLIST_KEY_UILaunchStoryboardName = LaunchScreen;
				INFOPLIST_KEY_UISupportedInterfaceOrientations = UIInterfaceOrientationPortrait;
				INFOPLIST_KEY_UISupportedInterfaceOrientations_iPad = "UIInterfaceOrientationLandscapeLeft UIInterfaceOrientationLandscapeRight UIInterfaceOrientationPortrait UIInterfaceOrientationPortraitUpsideDown";
				LD_RUNPATH_SEARCH_PATHS = (
					"$(inherited)",
					"@executable_path/Frameworks",
				);
				MARKETING_VERSION = 1.0;
				PRODUCT_BUNDLE_IDENTIFIER = Folyak.FilmList;
				PRODUCT_NAME = "$(TARGET_NAME)";
				SUPPORTED_PLATFORMS = "iphoneos iphonesimulator";
				SUPPORTS_MACCATALYST = NO;
				SUPPORTS_MAC_DESIGNED_FOR_IPHONE_IPAD = NO;
				SUPPORTS_XR_DESIGNED_FOR_IPHONE_IPAD = NO;
				SWIFT_EMIT_LOC_STRINGS = YES;
				SWIFT_VERSION = 5.0;
				TARGETED_DEVICE_FAMILY = 1;
			};
			name = Debug;
		};
		0174C2CA2C50A78900BA73E6 /* Release */ = {
			isa = XCBuildConfiguration;
			buildSettings = {
				ASSETCATALOG_COMPILER_APPICON_NAME = AppIcon;
				ASSETCATALOG_COMPILER_GLOBAL_ACCENT_COLOR_NAME = AccentColor;
				CODE_SIGN_STYLE = Automatic;
				CURRENT_PROJECT_VERSION = 1;
				DEVELOPMENT_TEAM = Y34PWYMPM8;
				GENERATE_INFOPLIST_FILE = YES;
				INFOPLIST_FILE = FilmList/Sources/Info.plist;
				INFOPLIST_KEY_UIApplicationSupportsIndirectInputEvents = YES;
				INFOPLIST_KEY_UILaunchStoryboardName = LaunchScreen;
				INFOPLIST_KEY_UISupportedInterfaceOrientations = UIInterfaceOrientationPortrait;
				INFOPLIST_KEY_UISupportedInterfaceOrientations_iPad = "UIInterfaceOrientationLandscapeLeft UIInterfaceOrientationLandscapeRight UIInterfaceOrientationPortrait UIInterfaceOrientationPortraitUpsideDown";
				LD_RUNPATH_SEARCH_PATHS = (
					"$(inherited)",
					"@executable_path/Frameworks",
				);
				MARKETING_VERSION = 1.0;
				PRODUCT_BUNDLE_IDENTIFIER = Folyak.FilmList;
				PRODUCT_NAME = "$(TARGET_NAME)";
				SUPPORTED_PLATFORMS = "iphoneos iphonesimulator";
				SUPPORTS_MACCATALYST = NO;
				SUPPORTS_MAC_DESIGNED_FOR_IPHONE_IPAD = NO;
				SUPPORTS_XR_DESIGNED_FOR_IPHONE_IPAD = NO;
				SWIFT_EMIT_LOC_STRINGS = YES;
				SWIFT_VERSION = 5.0;
				TARGETED_DEVICE_FAMILY = 1;
			};
			name = Release;
		};
/* End XCBuildConfiguration section */

/* Begin XCConfigurationList section */
		0174C2AC2C50A78700BA73E6 /* Build configuration list for PBXProject "FilmList" */ = {
			isa = XCConfigurationList;
			buildConfigurations = (
				0174C2C62C50A78900BA73E6 /* Debug */,
				0174C2C72C50A78900BA73E6 /* Release */,
			);
			defaultConfigurationIsVisible = 0;
			defaultConfigurationName = Release;
		};
		0174C2C82C50A78900BA73E6 /* Build configuration list for PBXNativeTarget "FilmList" */ = {
			isa = XCConfigurationList;
			buildConfigurations = (
				0174C2C92C50A78900BA73E6 /* Debug */,
				0174C2CA2C50A78900BA73E6 /* Release */,
			);
			defaultConfigurationIsVisible = 0;
			defaultConfigurationName = Release;
		};
/* End XCConfigurationList section */

/* Begin XCVersionGroup section */
		0174C2BD2C50A78700BA73E6 /* FilmList.xcdatamodeld */ = {
			isa = XCVersionGroup;
			children = (
				0174C2BE2C50A78700BA73E6 /* FilmList.xcdatamodel */,
			);
			currentVersion = 0174C2BE2C50A78700BA73E6 /* FilmList.xcdatamodel */;
			path = FilmList.xcdatamodeld;
			sourceTree = "<group>";
			versionGroupType = wrapper.xcdatamodel;
		};
/* End XCVersionGroup section */
	};
	rootObject = 0174C2A92C50A78700BA73E6 /* Project object */;
}
